
Microsoft Visual Studio Solution File, Format Version 12.00
# Visual Studio Version 16
VisualStudioVersion = 16.0.30621.155
MinimumVisualStudioVersion = 10.0.40219.1
Project("{FAE04EC0-301F-11D3-BF4B-00C04F79EFBC}") = "WcfServiceTempConversion", "WcfServiceTempConversion.csproj", "{EE41BC82-45DD-4A47-B3A0-C41834DE62D1}"
EndProject
Global
	GlobalSection(SolutionConfigurationPlatforms) = preSolution
		Debug|Any CPU = Debug|Any CPU
		Release|Any CPU = Release|Any CPU
	EndGlobalSection
	GlobalSection(ProjectConfigurationPlatforms) = postSolution
		{EE41BC82-45DD-4A47-B3A0-C41834DE62D1}.Debug|Any CPU.ActiveCfg = Debug|Any CPU
		{EE41BC82-45DD-4A47-B3A0-C41834DE62D1}.Debug|Any CPU.Build.0 = Debug|Any CPU
		{EE41BC82-45DD-4A47-B3A0-C41834DE62D1}.Release|Any CPU.ActiveCfg = Release|Any CPU
		{EE41BC82-45DD-4A47-B3A0-C41834DE62D1}.Release|Any CPU.Build.0 = Release|Any CPU
	EndGlobalSection
	GlobalSection(SolutionProperties) = preSolution
		HideSolutionNode = FALSE
	EndGlobalSection
	GlobalSection(ExtensibilityGlobals) = postSolution
		SolutionGuid = {92BE1D00-7C1D-48C1-9517-ECB2E0321D87}
	EndGlobalSection
EndGlobal
